
Microsoft Visual Studio Solution File, Format Version 12.00
# Visual Studio 15
VisualStudioVersion = 15.0.27703.2026
MinimumVisualStudioVersion = 10.0.40219.1
Project("{9A19103F-16F7-4668-BE54-9A1E7A4F7556}") = "Sample.Server", "Rabbitier\Sample.Server.csproj", "{6BDBF469-9720-4E08-990F-2E87CD9897FB}"
EndProject
Project("{9A19103F-16F7-4668-BE54-9A1E7A4F7556}") = "Rabbitier.Publisher", "Rabbitier.Sender\Rabbitier.Publisher.csproj", "{CDB00F23-5C2B-4B6E-8D82-1AC19B1CC89E}"
EndProject
Project("{9A19103F-16F7-4668-BE54-9A1E7A4F7556}") = "Rabbitier.Consumer", "Rabbitier.Consumer\Rabbitier.Consumer.csproj", "{00E1B03E-1724-4012-A700-85B22B70CE09}"
EndProject
Project("{9A19103F-16F7-4668-BE54-9A1E7A4F7556}") = "Sample.Client", "SampleClient\Sample.Client.csproj", "{6E410801-A2BB-4C80-A7E5-EEB2319E18F3}"
EndProject
Project("{9A19103F-16F7-4668-BE54-9A1E7A4F7556}") = "Rabbitier.Configuration", "Rabbitier.Configuration\Rabbitier.Configuration.csproj", "{7E8B3B65-5FC2-4EE0-9B50-69512333B670}"
EndProject
Project("{FAE04EC0-301F-11D3-BF4B-00C04F79EFBC}") = "Sample.Domain", "Sample.Domain\Sample.Domain.csproj", "{8527BAC6-5798-43AB-9426-A0452EFD8301}"
EndProject
Global
	GlobalSection(SolutionConfigurationPlatforms) = preSolution
		Debug|Any CPU = Debug|Any CPU
		Release|Any CPU = Release|Any CPU
	EndGlobalSection
	GlobalSection(ProjectConfigurationPlatforms) = postSolution
		{6BDBF469-9720-4E08-990F-2E87CD9897FB}.Debug|Any CPU.ActiveCfg = Debug|Any CPU
		{6BDBF469-9720-4E08-990F-2E87CD9897FB}.Debug|Any CPU.Build.0 = Debug|Any CPU
		{6BDBF469-9720-4E08-990F-2E87CD9897FB}.Release|Any CPU.ActiveCfg = Release|Any CPU
		{6BDBF469-9720-4E08-990F-2E87CD9897FB}.Release|Any CPU.Build.0 = Release|Any CPU
		{CDB00F23-5C2B-4B6E-8D82-1AC19B1CC89E}.Debug|Any CPU.ActiveCfg = Debug|Any CPU
		{CDB00F23-5C2B-4B6E-8D82-1AC19B1CC89E}.Debug|Any CPU.Build.0 = Debug|Any CPU
		{CDB00F23-5C2B-4B6E-8D82-1AC19B1CC89E}.Release|Any CPU.ActiveCfg = Release|Any CPU
		{CDB00F23-5C2B-4B6E-8D82-1AC19B1CC89E}.Release|Any CPU.Build.0 = Release|Any CPU
		{00E1B03E-1724-4012-A700-85B22B70CE09}.Debug|Any CPU.ActiveCfg = Debug|Any CPU
		{00E1B03E-1724-4012-A700-85B22B70CE09}.Debug|Any CPU.Build.0 = Debug|Any CPU
		{00E1B03E-1724-4012-A700-85B22B70CE09}.Release|Any CPU.ActiveCfg = Release|Any CPU
		{00E1B03E-1724-4012-A700-85B22B70CE09}.Release|Any CPU.Build.0 = Release|Any CPU
		{6E410801-A2BB-4C80-A7E5-EEB2319E18F3}.Debug|Any CPU.ActiveCfg = Debug|Any CPU
		{6E410801-A2BB-4C80-A7E5-EEB2319E18F3}.Debug|Any CPU.Build.0 = Debug|Any CPU
		{6E410801-A2BB-4C80-A7E5-EEB2319E18F3}.Release|Any CPU.ActiveCfg = Release|Any CPU
		{6E410801-A2BB-4C80-A7E5-EEB2319E18F3}.Release|Any CPU.Build.0 = Release|Any CPU
		{7E8B3B65-5FC2-4EE0-9B50-69512333B670}.Debug|Any CPU.ActiveCfg = Debug|Any CPU
		{7E8B3B65-5FC2-4EE0-9B50-69512333B670}.Debug|Any CPU.Build.0 = Debug|Any CPU
		{7E8B3B65-5FC2-4EE0-9B50-69512333B670}.Release|Any CPU.ActiveCfg = Release|Any CPU
		{7E8B3B65-5FC2-4EE0-9B50-69512333B670}.Release|Any CPU.Build.0 = Release|Any CPU
		{8527BAC6-5798-43AB-9426-A0452EFD8301}.Debug|Any CPU.ActiveCfg = Debug|Any CPU
		{8527BAC6-5798-43AB-9426-A0452EFD8301}.Debug|Any CPU.Build.0 = Debug|Any CPU
		{8527BAC6-5798-43AB-9426-A0452EFD8301}.Release|Any CPU.ActiveCfg = Release|Any CPU
		{8527BAC6-5798-43AB-9426-A0452EFD8301}.Release|Any CPU.Build.0 = Release|Any CPU
	EndGlobalSection
	GlobalSection(SolutionProperties) = preSolution
		HideSolutionNode = FALSE
	EndGlobalSection
	GlobalSection(ExtensibilityGlobals) = postSolution
		SolutionGuid = {9968F116-A523-4EFB-8EE6-F1059E0BF736}
	EndGlobalSection
EndGlobal
